// !$*UTF8*$!
{
	archiveVersion = 1;
	classes = {
	};
	objectVersion = 50;
	objects = {

/* Begin PBXBuildFile section */
		EC0387E9269F52F70076C4E2 /* sonny_swift_tddApp.swift in Sources */ = {isa = PBXBuildFile; fileRef = EC0387E8269F52F70076C4E2 /* sonny_swift_tddApp.swift */; };
		EC0387EB269F52F70076C4E2 /* ContentView.swift in Sources */ = {isa = PBXBuildFile; fileRef = EC0387EA269F52F70076C4E2 /* ContentView.swift */; };
		EC0387ED269F52F90076C4E2 /* Assets.xcassets in Resources */ = {isa = PBXBuildFile; fileRef = EC0387EC269F52F90076C4E2 /* Assets.xcassets */; };
		EC0387F0269F52F90076C4E2 /* Preview Assets.xcassets in Resources */ = {isa = PBXBuildFile; fileRef = EC0387EF269F52F90076C4E2 /* Preview Assets.xcassets */; };
		EC038806269F52F90076C4E2 /* sonny_swift_tddUITests.swift in Sources */ = {isa = PBXBuildFile; fileRef = EC038805269F52F90076C4E2 /* sonny_swift_tddUITests.swift */; };
		EC038816269F54200076C4E2 /* sonny_moneyTests.swift in Sources */ = {isa = PBXBuildFile; fileRef = EC0387FA269F52F90076C4E2 /* sonny_moneyTests.swift */; };
		EC03881A269FC9AE0076C4E2 /* Money.swift in Sources */ = {isa = PBXBuildFile; fileRef = EC038819269FC9AE0076C4E2 /* Money.swift */; };
		EC56BCE126B23EDB0087C043 /* Sum.swift in Sources */ = {isa = PBXBuildFile; fileRef = EC56BCE026B23EDB0087C043 /* Sum.swift */; };
		ECBA334326C8292700DB3679 /* sonny_unitTests.swift in Sources */ = {isa = PBXBuildFile; fileRef = ECBA334226C8292700DB3679 /* sonny_unitTests.swift */; };
		ECBA334D26C8299400DB3679 /* WasRun.swift in Sources */ = {isa = PBXBuildFile; fileRef = ECBA334C26C8299400DB3679 /* WasRun.swift */; };
		ECD2DB5526A9104C00D84EC3 /* Expression.swift in Sources */ = {isa = PBXBuildFile; fileRef = ECD2DB5426A9104C00D84EC3 /* Expression.swift */; };
		ECD2DB5726A9107400D84EC3 /* Bank.swift in Sources */ = {isa = PBXBuildFile; fileRef = ECD2DB5626A9107400D84EC3 /* Bank.swift */; };
		ECE6D71E26C5414C001BB61F /* Pair.swift in Sources */ = {isa = PBXBuildFile; fileRef = ECE6D71D26C5414C001BB61F /* Pair.swift */; };
/* End PBXBuildFile section */

/* Begin PBXContainerItemProxy section */
		EC0387F7269F52F90076C4E2 /* PBXContainerItemProxy */ = {
			isa = PBXContainerItemProxy;
			containerPortal = EC0387DD269F52F70076C4E2 /* Project object */;
			proxyType = 1;
			remoteGlobalIDString = EC0387E4269F52F70076C4E2;
			remoteInfo = "sonny-swift-tdd";
		};
		EC038802269F52F90076C4E2 /* PBXContainerItemProxy */ = {
			isa = PBXContainerItemProxy;
			containerPortal = EC0387DD269F52F70076C4E2 /* Project object */;
			proxyType = 1;
			remoteGlobalIDString = EC0387E4269F52F70076C4E2;
			remoteInfo = "sonny-swift-tdd";
		};
/* End PBXContainerItemProxy section */

/* Begin PBXFileReference section */
		EC0387E5269F52F70076C4E2 /* sonny-swift-tdd.app */ = {isa = PBXFileReference; explicitFileType = wrapper.application; includeInIndex = 0; path = "sonny-swift-tdd.app"; sourceTree = BUILT_PRODUCTS_DIR; };
		EC0387E8269F52F70076C4E2 /* sonny_swift_tddApp.swift */ = {isa = PBXFileReference; lastKnownFileType = sourcecode.swift; path = sonny_swift_tddApp.swift; sourceTree = "<group>"; };
		EC0387EA269F52F70076C4E2 /* ContentView.swift */ = {isa = PBXFileReference; lastKnownFileType = sourcecode.swift; path = ContentView.swift; sourceTree = "<group>"; };
		EC0387EC269F52F90076C4E2 /* Assets.xcassets */ = {isa = PBXFileReference; lastKnownFileType = folder.assetcatalog; path = Assets.xcassets; sourceTree = "<group>"; };
		EC0387EF269F52F90076C4E2 /* Preview Assets.xcassets */ = {isa = PBXFileReference; lastKnownFileType = folder.assetcatalog; path = "Preview Assets.xcassets"; sourceTree = "<group>"; };
		EC0387F1269F52F90076C4E2 /* Info.plist */ = {isa = PBXFileReference; lastKnownFileType = text.plist.xml; path = Info.plist; sourceTree = "<group>"; };
		EC0387F6269F52F90076C4E2 /* sonny-swift-tddTests.xctest */ = {isa = PBXFileReference; explicitFileType = wrapper.cfbundle; includeInIndex = 0; path = "sonny-swift-tddTests.xctest"; sourceTree = BUILT_PRODUCTS_DIR; };
		EC0387FA269F52F90076C4E2 /* sonny_moneyTests.swift */ = {isa = PBXFileReference; lastKnownFileType = sourcecode.swift; path = sonny_moneyTests.swift; sourceTree = "<group>"; };
		EC0387FC269F52F90076C4E2 /* Info.plist */ = {isa = PBXFileReference; lastKnownFileType = text.plist.xml; path = Info.plist; sourceTree = "<group>"; };
		EC038801269F52F90076C4E2 /* sonny-swift-tddUITests.xctest */ = {isa = PBXFileReference; explicitFileType = wrapper.cfbundle; includeInIndex = 0; path = "sonny-swift-tddUITests.xctest"; sourceTree = BUILT_PRODUCTS_DIR; };
		EC038805269F52F90076C4E2 /* sonny_swift_tddUITests.swift */ = {isa = PBXFileReference; lastKnownFileType = sourcecode.swift; path = sonny_swift_tddUITests.swift; sourceTree = "<group>"; };
		EC038807269F52F90076C4E2 /* Info.plist */ = {isa = PBXFileReference; lastKnownFileType = text.plist.xml; path = Info.plist; sourceTree = "<group>"; };
		EC038819269FC9AE0076C4E2 /* Money.swift */ = {isa = PBXFileReference; lastKnownFileType = sourcecode.swift; path = Money.swift; sourceTree = "<group>"; };
		EC56BCE026B23EDB0087C043 /* Sum.swift */ = {isa = PBXFileReference; lastKnownFileType = sourcecode.swift; path = Sum.swift; sourceTree = "<group>"; };
		ECBA334226C8292700DB3679 /* sonny_unitTests.swift */ = {isa = PBXFileReference; fileEncoding = 4; lastKnownFileType = sourcecode.swift; path = sonny_unitTests.swift; sourceTree = "<group>"; };
		ECBA334C26C8299400DB3679 /* WasRun.swift */ = {isa = PBXFileReference; lastKnownFileType = sourcecode.swift; path = WasRun.swift; sourceTree = "<group>"; };
		ECD2DB5426A9104C00D84EC3 /* Expression.swift */ = {isa = PBXFileReference; lastKnownFileType = sourcecode.swift; path = Expression.swift; sourceTree = "<group>"; };
		ECD2DB5626A9107400D84EC3 /* Bank.swift */ = {isa = PBXFileReference; lastKnownFileType = sourcecode.swift; path = Bank.swift; sourceTree = "<group>"; };
		ECE6D71D26C5414C001BB61F /* Pair.swift */ = {isa = PBXFileReference; lastKnownFileType = sourcecode.swift; path = Pair.swift; sourceTree = "<group>"; };
/* End PBXFileReference section */

/* Begin PBXFrameworksBuildPhase section */
		EC0387E2269F52F70076C4E2 /* Frameworks */ = {
			isa = PBXFrameworksBuildPhase;
			buildActionMask = 2147483647;
			files = (
			);
			runOnlyForDeploymentPostprocessing = 0;
		};
		EC0387F3269F52F90076C4E2 /* Frameworks */ = {
			isa = PBXFrameworksBuildPhase;
			buildActionMask = 2147483647;
			files = (
			);
			runOnlyForDeploymentPostprocessing = 0;
		};
		EC0387FE269F52F90076C4E2 /* Frameworks */ = {
			isa = PBXFrameworksBuildPhase;
			buildActionMask = 2147483647;
			files = (
			);
			runOnlyForDeploymentPostprocessing = 0;
		};
/* End PBXFrameworksBuildPhase section */

/* Begin PBXGroup section */
		EC0387DC269F52F70076C4E2 = {
			isa = PBXGroup;
			children = (
				EC0387E7269F52F70076C4E2 /* sonny-swift-tdd */,
				EC0387F9269F52F90076C4E2 /* sonny-swift-tddTests */,
				EC038804269F52F90076C4E2 /* sonny-swift-tddUITests */,
				EC0387E6269F52F70076C4E2 /* Products */,
			);
			sourceTree = "<group>";
		};
		EC0387E6269F52F70076C4E2 /* Products */ = {
			isa = PBXGroup;
			children = (
				EC0387E5269F52F70076C4E2 /* sonny-swift-tdd.app */,
				EC0387F6269F52F90076C4E2 /* sonny-swift-tddTests.xctest */,
				EC038801269F52F90076C4E2 /* sonny-swift-tddUITests.xctest */,
			);
			name = Products;
			sourceTree = "<group>";
		};
		EC0387E7269F52F70076C4E2 /* sonny-swift-tdd */ = {
			isa = PBXGroup;
			children = (
				ECBA334B26C8299000DB3679 /* sonny_unit */,
				ECC9987B26C82757009E88DA /* sonny_money */,
				EC0387E8269F52F70076C4E2 /* sonny_swift_tddApp.swift */,
				EC0387EA269F52F70076C4E2 /* ContentView.swift */,
				EC0387EC269F52F90076C4E2 /* Assets.xcassets */,
				EC0387F1269F52F90076C4E2 /* Info.plist */,
				EC0387EE269F52F90076C4E2 /* Preview Content */,
			);
			path = "sonny-swift-tdd";
			sourceTree = "<group>";
		};
		EC0387EE269F52F90076C4E2 /* Preview Content */ = {
			isa = PBXGroup;
			children = (
				EC0387EF269F52F90076C4E2 /* Preview Assets.xcassets */,
			);
			path = "Preview Content";
			sourceTree = "<group>";
		};
		EC0387F9269F52F90076C4E2 /* sonny-swift-tddTests */ = {
			isa = PBXGroup;
			children = (
				ECBA334226C8292700DB3679 /* sonny_unitTests.swift */,
				EC0387FA269F52F90076C4E2 /* sonny_moneyTests.swift */,
				EC0387FC269F52F90076C4E2 /* Info.plist */,
			);
			path = "sonny-swift-tddTests";
			sourceTree = "<group>";
		};
		EC038804269F52F90076C4E2 /* sonny-swift-tddUITests */ = {
			isa = PBXGroup;
			children = (
				EC038805269F52F90076C4E2 /* sonny_swift_tddUITests.swift */,
				EC038807269F52F90076C4E2 /* Info.plist */,
			);
			path = "sonny-swift-tddUITests";
			sourceTree = "<group>";
		};
		ECBA334B26C8299000DB3679 /* sonny_unit */ = {
			isa = PBXGroup;
			children = (
				ECBA334C26C8299400DB3679 /* WasRun.swift */,
			);
			path = sonny_unit;
			sourceTree = "<group>";
		};
		ECC9987B26C82757009E88DA /* sonny_money */ = {
			isa = PBXGroup;
			children = (
				EC038819269FC9AE0076C4E2 /* Money.swift */,
				ECD2DB5426A9104C00D84EC3 /* Expression.swift */,
				ECD2DB5626A9107400D84EC3 /* Bank.swift */,
				ECE6D71D26C5414C001BB61F /* Pair.swift */,
				EC56BCE026B23EDB0087C043 /* Sum.swift */,
			);
			path = sonny_money;
			sourceTree = "<group>";
		};
/* End PBXGroup section */

/* Begin PBXNativeTarget section */
		EC0387E4269F52F70076C4E2 /* sonny-swift-tdd */ = {
			isa = PBXNativeTarget;
			buildConfigurationList = EC03880A269F52F90076C4E2 /* Build configuration list for PBXNativeTarget "sonny-swift-tdd" */;
			buildPhases = (
				EC0387E1269F52F70076C4E2 /* Sources */,
				EC0387E2269F52F70076C4E2 /* Frameworks */,
				EC0387E3269F52F70076C4E2 /* Resources */,
			);
			buildRules = (
			);
			dependencies = (
			);
			name = "sonny-swift-tdd";
			productName = "sonny-swift-tdd";
			productReference = EC0387E5269F52F70076C4E2 /* sonny-swift-tdd.app */;
			productType = "com.apple.product-type.application";
		};
		EC0387F5269F52F90076C4E2 /* sonny-swift-tddTests */ = {
			isa = PBXNativeTarget;
			buildConfigurationList = EC03880D269F52F90076C4E2 /* Build configuration list for PBXNativeTarget "sonny-swift-tddTests" */;
			buildPhases = (
				EC0387F2269F52F90076C4E2 /* Sources */,
				EC0387F3269F52F90076C4E2 /* Frameworks */,
				EC0387F4269F52F90076C4E2 /* Resources */,
			);
			buildRules = (
			);
			dependencies = (
				EC0387F8269F52F90076C4E2 /* PBXTargetDependency */,
			);
			name = "sonny-swift-tddTests";
			productName = "sonny-swift-tddTests";
			productReference = EC0387F6269F52F90076C4E2 /* sonny-swift-tddTests.xctest */;
			productType = "com.apple.product-type.bundle.unit-test";
		};
		EC038800269F52F90076C4E2 /* sonny-swift-tddUITests */ = {
			isa = PBXNativeTarget;
			buildConfigurationList = EC038810269F52F90076C4E2 /* Build configuration list for PBXNativeTarget "sonny-swift-tddUITests" */;
			buildPhases = (
				EC0387FD269F52F90076C4E2 /* Sources */,
				EC0387FE269F52F90076C4E2 /* Frameworks */,
				EC0387FF269F52F90076C4E2 /* Resources */,
			);
			buildRules = (
			);
			dependencies = (
				EC038803269F52F90076C4E2 /* PBXTargetDependency */,
			);
			name = "sonny-swift-tddUITests";
			productName = "sonny-swift-tddUITests";
			productReference = EC038801269F52F90076C4E2 /* sonny-swift-tddUITests.xctest */;
			productType = "com.apple.product-type.bundle.ui-testing";
		};
/* End PBXNativeTarget section */

/* Begin PBXProject section */
		EC0387DD269F52F70076C4E2 /* Project object */ = {
			isa = PBXProject;
			attributes = {
				LastSwiftUpdateCheck = 1250;
				LastUpgradeCheck = 1250;
				TargetAttributes = {
					EC0387E4269F52F70076C4E2 = {
						CreatedOnToolsVersion = 12.5.1;
					};
					EC0387F5269F52F90076C4E2 = {
						CreatedOnToolsVersion = 12.5.1;
						TestTargetID = EC0387E4269F52F70076C4E2;
					};
					EC038800269F52F90076C4E2 = {
						CreatedOnToolsVersion = 12.5.1;
						TestTargetID = EC0387E4269F52F70076C4E2;
					};
				};
			};
			buildConfigurationList = EC0387E0269F52F70076C4E2 /* Build configuration list for PBXProject "sonny-swift-tdd" */;
			compatibilityVersion = "Xcode 9.3";
			developmentRegion = en;
			hasScannedForEncodings = 0;
			knownRegions = (
				en,
				Base,
			);
			mainGroup = EC0387DC269F52F70076C4E2;
			productRefGroup = EC0387E6269F52F70076C4E2 /* Products */;
			projectDirPath = "";
			projectRoot = "";
			targets = (
				EC0387E4269F52F70076C4E2 /* sonny-swift-tdd */,
				EC0387F5269F52F90076C4E2 /* sonny-swift-tddTests */,
				EC038800269F52F90076C4E2 /* sonny-swift-tddUITests */,
			);
		};
/* End PBXProject section */

/* Begin PBXResourcesBuildPhase section */
		EC0387E3269F52F70076C4E2 /* Resources */ = {
			isa = PBXResourcesBuildPhase;
			buildActionMask = 2147483647;
			files = (
				EC0387F0269F52F90076C4E2 /* Preview Assets.xcassets in Resources */,
				EC0387ED269F52F90076C4E2 /* Assets.xcassets in Resources */,
			);
			runOnlyForDeploymentPostprocessing = 0;
		};
		EC0387F4269F52F90076C4E2 /* Resources */ = {
			isa = PBXResourcesBuildPhase;
			buildActionMask = 2147483647;
			files = (
			);
			runOnlyForDeploymentPostprocessing = 0;
		};
		EC0387FF269F52F90076C4E2 /* Resources */ = {
			isa = PBXResourcesBuildPhase;
			buildActionMask = 2147483647;
			files = (
			);
			runOnlyForDeploymentPostprocessing = 0;
		};
/* End PBXResourcesBuildPhase section */

/* Begin PBXSourcesBuildPhase section */
		EC0387E1269F52F70076C4E2 /* Sources */ = {
			isa = PBXSourcesBuildPhase;
			buildActionMask = 2147483647;
			files = (
				EC03881A269FC9AE0076C4E2 /* Money.swift in Sources */,
				EC0387EB269F52F70076C4E2 /* ContentView.swift in Sources */,
				ECD2DB5726A9107400D84EC3 /* Bank.swift in Sources */,
				EC0387E9269F52F70076C4E2 /* sonny_swift_tddApp.swift in Sources */,
				ECD2DB5526A9104C00D84EC3 /* Expression.swift in Sources */,
				ECE6D71E26C5414C001BB61F /* Pair.swift in Sources */,
				EC56BCE126B23EDB0087C043 /* Sum.swift in Sources */,
				ECBA334D26C8299400DB3679 /* WasRun.swift in Sources */,
			);
			runOnlyForDeploymentPostprocessing = 0;
		};
		EC0387F2269F52F90076C4E2 /* Sources */ = {
			isa = PBXSourcesBuildPhase;
			buildActionMask = 2147483647;
			files = (
				EC038816269F54200076C4E2 /* sonny_moneyTests.swift in Sources */,
				ECBA334326C8292700DB3679 /* sonny_unitTests.swift in Sources */,
			);
			runOnlyForDeploymentPostprocessing = 0;
		};
		EC0387FD269F52F90076C4E2 /* Sources */ = {
			isa = PBXSourcesBuildPhase;
			buildActionMask = 2147483647;
			files = (
				EC038806269F52F90076C4E2 /* sonny_swift_tddUITests.swift in Sources */,
			);
			runOnlyForDeploymentPostprocessing = 0;
		};
/* End PBXSourcesBuildPhase section */

/* Begin PBXTargetDependency section */
		EC0387F8269F52F90076C4E2 /* PBXTargetDependency */ = {
			isa = PBXTargetDependency;
			target = EC0387E4269F52F70076C4E2 /* sonny-swift-tdd */;
			targetProxy = EC0387F7269F52F90076C4E2 /* PBXContainerItemProxy */;
		};
		EC038803269F52F90076C4E2 /* PBXTargetDependency */ = {
			isa = PBXTargetDependency;
			target = EC0387E4269F52F70076C4E2 /* sonny-swift-tdd */;
			targetProxy = EC038802269F52F90076C4E2 /* PBXContainerItemProxy */;
		};
/* End PBXTargetDependency section */

/* Begin XCBuildConfiguration section */
		EC038808269F52F90076C4E2 /* Debug */ = {
			isa = XCBuildConfiguration;
			buildSettings = {
				ALWAYS_SEARCH_USER_PATHS = NO;
				CLANG_ANALYZER_NONNULL = YES;
				CLANG_ANALYZER_NUMBER_OBJECT_CONVERSION = YES_AGGRESSIVE;
				CLANG_CXX_LANGUAGE_STANDARD = "gnu++14";
				CLANG_CXX_LIBRARY = "libc++";
				CLANG_ENABLE_MODULES = YES;
				CLANG_ENABLE_OBJC_ARC = YES;
				CLANG_ENABLE_OBJC_WEAK = YES;
				CLANG_WARN_BLOCK_CAPTURE_AUTORELEASING = YES;
				CLANG_WARN_BOOL_CONVERSION = YES;
				CLANG_WARN_COMMA = YES;
				CLANG_WARN_CONSTANT_CONVERSION = YES;
				CLANG_WARN_DEPRECATED_OBJC_IMPLEMENTATIONS = YES;
				CLANG_WARN_DIRECT_OBJC_ISA_USAGE = YES_ERROR;
				CLANG_WARN_DOCUMENTATION_COMMENTS = YES;
				CLANG_WARN_EMPTY_BODY = YES;
				CLANG_WARN_ENUM_CONVERSION = YES;
				CLANG_WARN_INFINITE_RECURSION = YES;
				CLANG_WARN_INT_CONVERSION = YES;
				CLANG_WARN_NON_LITERAL_NULL_CONVERSION = YES;
				CLANG_WARN_OBJC_IMPLICIT_RETAIN_SELF = YES;
				CLANG_WARN_OBJC_LITERAL_CONVERSION = YES;
				CLANG_WARN_OBJC_ROOT_CLASS = YES_ERROR;
				CLANG_WARN_QUOTED_INCLUDE_IN_FRAMEWORK_HEADER = YES;
				CLANG_WARN_RANGE_LOOP_ANALYSIS = YES;
				CLANG_WARN_STRICT_PROTOTYPES = YES;
				CLANG_WARN_SUSPICIOUS_MOVE = YES;
				CLANG_WARN_UNGUARDED_AVAILABILITY = YES_AGGRESSIVE;
				CLANG_WARN_UNREACHABLE_CODE = YES;
				CLANG_WARN__DUPLICATE_METHOD_MATCH = YES;
				COPY_PHASE_STRIP = NO;
				DEBUG_INFORMATION_FORMAT = dwarf;
				ENABLE_STRICT_OBJC_MSGSEND = YES;
				ENABLE_TESTABILITY = YES;
				GCC_C_LANGUAGE_STANDARD = gnu11;
				GCC_DYNAMIC_NO_PIC = NO;
				GCC_NO_COMMON_BLOCKS = YES;
				GCC_OPTIMIZATION_LEVEL = 0;
				GCC_PREPROCESSOR_DEFINITIONS = (
					"DEBUG=1",
					"$(inherited)",
				);
				GCC_WARN_64_TO_32_BIT_CONVERSION = YES;
				GCC_WARN_ABOUT_RETURN_TYPE = YES_ERROR;
				GCC_WARN_UNDECLARED_SELECTOR = YES;
				GCC_WARN_UNINITIALIZED_AUTOS = YES_AGGRESSIVE;
				GCC_WARN_UNUSED_FUNCTION = YES;
				GCC_WARN_UNUSED_VARIABLE = YES;
				IPHONEOS_DEPLOYMENT_TARGET = 14.5;
				MTL_ENABLE_DEBUG_INFO = INCLUDE_SOURCE;
				MTL_FAST_MATH = YES;
				ONLY_ACTIVE_ARCH = YES;
				SDKROOT = iphoneos;
				SWIFT_ACTIVE_COMPILATION_CONDITIONS = DEBUG;
				SWIFT_OPTIMIZATION_LEVEL = "-Onone";
			};
			name = Debug;
		};
		EC038809269F52F90076C4E2 /* Release */ = {
			isa = XCBuildConfiguration;
			buildSettings = {
				ALWAYS_SEARCH_USER_PATHS = NO;
				CLANG_ANALYZER_NONNULL = YES;
				CLANG_ANALYZER_NUMBER_OBJECT_CONVERSION = YES_AGGRESSIVE;
				CLANG_CXX_LANGUAGE_STANDARD = "gnu++14";
				CLANG_CXX_LIBRARY = "libc++";
				CLANG_ENABLE_MODULES = YES;
				CLANG_ENABLE_OBJC_ARC = YES;
				CLANG_ENABLE_OBJC_WEAK = YES;
				CLANG_WARN_BLOCK_CAPTURE_AUTORELEASING = YES;
				CLANG_WARN_BOOL_CONVERSION = YES;
				CLANG_WARN_COMMA = YES;
				CLANG_WARN_CONSTANT_CONVERSION = YES;
				CLANG_WARN_DEPRECATED_OBJC_IMPLEMENTATIONS = YES;
				CLANG_WARN_DIRECT_OBJC_ISA_USAGE = YES_ERROR;
				CLANG_WARN_DOCUMENTATION_COMMENTS = YES;
				CLANG_WARN_EMPTY_BODY = YES;
				CLANG_WARN_ENUM_CONVERSION = YES;
				CLANG_WARN_INFINITE_RECURSION = YES;
				CLANG_WARN_INT_CONVERSION = YES;
				CLANG_WARN_NON_LITERAL_NULL_CONVERSION = YES;
				CLANG_WARN_OBJC_IMPLICIT_RETAIN_SELF = YES;
				CLANG_WARN_OBJC_LITERAL_CONVERSION = YES;
				CLANG_WARN_OBJC_ROOT_CLASS = YES_ERROR;
				CLANG_WARN_QUOTED_INCLUDE_IN_FRAMEWORK_HEADER = YES;
				CLANG_WARN_RANGE_LOOP_ANALYSIS = YES;
				CLANG_WARN_STRICT_PROTOTYPES = YES;
				CLANG_WARN_SUSPICIOUS_MOVE = YES;
				CLANG_WARN_UNGUARDED_AVAILABILITY = YES_AGGRESSIVE;
				CLANG_WARN_UNREACHABLE_CODE = YES;
				CLANG_WARN__DUPLICATE_METHOD_MATCH = YES;
				COPY_PHASE_STRIP = NO;
				DEBUG_INFORMATION_FORMAT = "dwarf-with-dsym";
				ENABLE_NS_ASSERTIONS = NO;
				ENABLE_STRICT_OBJC_MSGSEND = YES;
				GCC_C_LANGUAGE_STANDARD = gnu11;
				GCC_NO_COMMON_BLOCKS = YES;
				GCC_WARN_64_TO_32_BIT_CONVERSION = YES;
				GCC_WARN_ABOUT_RETURN_TYPE = YES_ERROR;
				GCC_WARN_UNDECLARED_SELECTOR = YES;
				GCC_WARN_UNINITIALIZED_AUTOS = YES_AGGRESSIVE;
				GCC_WARN_UNUSED_FUNCTION = YES;
				GCC_WARN_UNUSED_VARIABLE = YES;
				IPHONEOS_DEPLOYMENT_TARGET = 14.5;
				MTL_ENABLE_DEBUG_INFO = NO;
				MTL_FAST_MATH = YES;
				SDKROOT = iphoneos;
				SWIFT_COMPILATION_MODE = wholemodule;
				SWIFT_OPTIMIZATION_LEVEL = "-O";
				VALIDATE_PRODUCT = YES;
			};
			name = Release;
		};
		EC03880B269F52F90076C4E2 /* Debug */ = {
			isa = XCBuildConfiguration;
			buildSettings = {
				ASSETCATALOG_COMPILER_APPICON_NAME = AppIcon;
				ASSETCATALOG_COMPILER_GLOBAL_ACCENT_COLOR_NAME = AccentColor;
				CODE_SIGN_STYLE = Automatic;
				DEVELOPMENT_ASSET_PATHS = "\"sonny-swift-tdd/Preview Content\"";
				DEVELOPMENT_TEAM = Y668BMY77W;
				ENABLE_PREVIEWS = YES;
				INFOPLIST_FILE = "sonny-swift-tdd/Info.plist";
				IPHONEOS_DEPLOYMENT_TARGET = 14.0;
				LD_RUNPATH_SEARCH_PATHS = (
					"$(inherited)",
					"@executable_path/Frameworks",
				);
				PRODUCT_BUNDLE_IDENTIFIER = "grepp.sonny-swift-tdd";
				PRODUCT_NAME = "$(TARGET_NAME)";
				SWIFT_VERSION = 5.0;
				TARGETED_DEVICE_FAMILY = "1,2";
			};
			name = Debug;
		};
		EC03880C269F52F90076C4E2 /* Release */ = {
			isa = XCBuildConfiguration;
			buildSettings = {
				ASSETCATALOG_COMPILER_APPICON_NAME = AppIcon;
				ASSETCATALOG_COMPILER_GLOBAL_ACCENT_COLOR_NAME = AccentColor;
				CODE_SIGN_STYLE = Automatic;
				DEVELOPMENT_ASSET_PATHS = "\"sonny-swift-tdd/Preview Content\"";
				DEVELOPMENT_TEAM = Y668BMY77W;
				ENABLE_PREVIEWS = YES;
				INFOPLIST_FILE = "sonny-swift-tdd/Info.plist";
				IPHONEOS_DEPLOYMENT_TARGET = 14.0;
				LD_RUNPATH_SEARCH_PATHS = (
					"$(inherited)",
					"@executable_path/Frameworks",
				);
				PRODUCT_BUNDLE_IDENTIFIER = "grepp.sonny-swift-tdd";
				PRODUCT_NAME = "$(TARGET_NAME)";
				SWIFT_VERSION = 5.0;
				TARGETED_DEVICE_FAMILY = "1,2";
			};
			name = Release;
		};
		EC03880E269F52F90076C4E2 /* Debug */ = {
			isa = XCBuildConfiguration;
			buildSettings = {
				ALWAYS_EMBED_SWIFT_STANDARD_LIBRARIES = YES;
				BUNDLE_LOADER = "$(TEST_HOST)";
				CODE_SIGN_STYLE = Automatic;
				DEVELOPMENT_TEAM = Y668BMY77W;
				INFOPLIST_FILE = "sonny-swift-tddTests/Info.plist";
				IPHONEOS_DEPLOYMENT_TARGET = 14.0;
				LD_RUNPATH_SEARCH_PATHS = (
					"$(inherited)",
					"@executable_path/Frameworks",
					"@loader_path/Frameworks",
				);
				PRODUCT_BUNDLE_IDENTIFIER = "grepp.sonny-swift-tddTests";
				PRODUCT_NAME = "$(TARGET_NAME)";
				SWIFT_VERSION = 5.0;
				TARGETED_DEVICE_FAMILY = "1,2";
				TEST_HOST = "$(BUILT_PRODUCTS_DIR)/sonny-swift-tdd.app/sonny-swift-tdd";
			};
			name = Debug;
		};
		EC03880F269F52F90076C4E2 /* Release */ = {
			isa = XCBuildConfiguration;
			buildSettings = {
				ALWAYS_EMBED_SWIFT_STANDARD_LIBRARIES = YES;
				BUNDLE_LOADER = "$(TEST_HOST)";
				CODE_SIGN_STYLE = Automatic;
				DEVELOPMENT_TEAM = Y668BMY77W;
				INFOPLIST_FILE = "sonny-swift-tddTests/Info.plist";
				IPHONEOS_DEPLOYMENT_TARGET = 14.0;
				LD_RUNPATH_SEARCH_PATHS = (
					"$(inherited)",
					"@executable_path/Frameworks",
					"@loader_path/Frameworks",
				);
				PRODUCT_BUNDLE_IDENTIFIER = "grepp.sonny-swift-tddTests";
				PRODUCT_NAME = "$(TARGET_NAME)";
				SWIFT_VERSION = 5.0;
				TARGETED_DEVICE_FAMILY = "1,2";
				TEST_HOST = "$(BUILT_PRODUCTS_DIR)/sonny-swift-tdd.app/sonny-swift-tdd";
			};
			name = Release;
		};
		EC038811269F52F90076C4E2 /* Debug */ = {
			isa = XCBuildConfiguration;
			buildSettings = {
				ALWAYS_EMBED_SWIFT_STANDARD_LIBRARIES = YES;
				CODE_SIGN_STYLE = Automatic;
				DEVELOPMENT_TEAM = Y668BMY77W;
				INFOPLIST_FILE = "sonny-swift-tddUITests/Info.plist";
				LD_RUNPATH_SEARCH_PATHS = (
					"$(inherited)",
					"@executable_path/Frameworks",
					"@loader_path/Frameworks",
				);
				PRODUCT_BUNDLE_IDENTIFIER = "grepp.sonny-swift-tddUITests";
				PRODUCT_NAME = "$(TARGET_NAME)";
				SWIFT_VERSION = 5.0;
				TARGETED_DEVICE_FAMILY = "1,2";
				TEST_TARGET_NAME = "sonny-swift-tdd";
			};
			name = Debug;
		};
		EC038812269F52F90076C4E2 /* Release */ = {
			isa = XCBuildConfiguration;
			buildSettings = {
				ALWAYS_EMBED_SWIFT_STANDARD_LIBRARIES = YES;
				CODE_SIGN_STYLE = Automatic;
				DEVELOPMENT_TEAM = Y668BMY77W;
				INFOPLIST_FILE = "sonny-swift-tddUITests/Info.plist";
				LD_RUNPATH_SEARCH_PATHS = (
					"$(inherited)",
					"@executable_path/Frameworks",
					"@loader_path/Frameworks",
				);
				PRODUCT_BUNDLE_IDENTIFIER = "grepp.sonny-swift-tddUITests";
				PRODUCT_NAME = "$(TARGET_NAME)";
				SWIFT_VERSION = 5.0;
				TARGETED_DEVICE_FAMILY = "1,2";
				TEST_TARGET_NAME = "sonny-swift-tdd";
			};
			name = Release;
		};
/* End XCBuildConfiguration section */

/* Begin XCConfigurationList section */
		EC0387E0269F52F70076C4E2 /* Build configuration list for PBXProject "sonny-swift-tdd" */ = {
			isa = XCConfigurationList;
			buildConfigurations = (
				EC038808269F52F90076C4E2 /* Debug */,
				EC038809269F52F90076C4E2 /* Release */,
			);
			defaultConfigurationIsVisible = 0;
			defaultConfigurationName = Release;
		};
		EC03880A269F52F90076C4E2 /* Build configuration list for PBXNativeTarget "sonny-swift-tdd" */ = {
			isa = XCConfigurationList;
			buildConfigurations = (
				EC03880B269F52F90076C4E2 /* Debug */,
				EC03880C269F52F90076C4E2 /* Release */,
			);
			defaultConfigurationIsVisible = 0;
			defaultConfigurationName = Release;
		};
		EC03880D269F52F90076C4E2 /* Build configuration list for PBXNativeTarget "sonny-swift-tddTests" */ = {
			isa = XCConfigurationList;
			buildConfigurations = (
				EC03880E269F52F90076C4E2 /* Debug */,
				EC03880F269F52F90076C4E2 /* Release */,
			);
			defaultConfigurationIsVisible = 0;
			defaultConfigurationName = Release;
		};
		EC038810269F52F90076C4E2 /* Build configuration list for PBXNativeTarget "sonny-swift-tddUITests" */ = {
			isa = XCConfigurationList;
			buildConfigurations = (
				EC038811269F52F90076C4E2 /* Debug */,
				EC038812269F52F90076C4E2 /* Release */,
			);
			defaultConfigurationIsVisible = 0;
			defaultConfigurationName = Release;
		};
/* End XCConfigurationList section */
	};
	rootObject = EC0387DD269F52F70076C4E2 /* Project object */;
}
